
Microsoft Visual Studio Solution File, Format Version 12.00
# Visual Studio Version 16
VisualStudioVersion = 16.0.30804.86
MinimumVisualStudioVersion = 10.0.40219.1
Project("{FAE04EC0-301F-11D3-BF4B-00C04F79EFBC}") = "leave-management", "leave-management\leave-management.csproj", "{FF3C6A5C-7705-4DC8-90A3-0A3075062959}"
EndProject
Global
	GlobalSection(SolutionConfigurationPlatforms) = preSolution
		Debug|Any CPU = Debug|Any CPU
		Release|Any CPU = Release|Any CPU
	EndGlobalSection
	GlobalSection(ProjectConfigurationPlatforms) = postSolution
		{FF3C6A5C-7705-4DC8-90A3-0A3075062959}.Debug|Any CPU.ActiveCfg = Debug|Any CPU
		{FF3C6A5C-7705-4DC8-90A3-0A3075062959}.Debug|Any CPU.Build.0 = Debug|Any CPU
		{FF3C6A5C-7705-4DC8-90A3-0A3075062959}.Release|Any CPU.ActiveCfg = Release|Any CPU
		{FF3C6A5C-7705-4DC8-90A3-0A3075062959}.Release|Any CPU.Build.0 = Release|Any CPU
	EndGlobalSection
	GlobalSection(SolutionProperties) = preSolution
		HideSolutionNode = FALSE
	EndGlobalSection
	GlobalSection(ExtensibilityGlobals) = postSolution
		SolutionGuid = {D02D001D-09A9-4A0A-AF8A-011E78C741AA}
	EndGlobalSection
EndGlobal
